<?xml version="1.0" encoding="utf-8"?>
<Project ToolsVersion="4.0" xmlns="http://schemas.microsoft.com/developer/msbuild/2003">
  <ItemGroup>
    <Filter Include="include">
      <UniqueIdentifier>{93995380-89BD-4b04-88EB-625FBE52EBFB}</UniqueIdentifier>
      <Extensions>h;hpp;hxx;hm;inl;inc;xsd</Extensions>
    </Filter>
    <Filter Include="ExtIO_Pluto">
      <UniqueIdentifier>{c7aa6831-554b-4752-a798-67b43147c3bd}</UniqueIdentifier>
    </Filter>
  </ItemGroup>
  <ItemGroup>
    <ClCompile Include="..\src\ExtIO_Pluto\ExtIO_Pluto.cpp">
      <Filter>ExtIO_Pluto</Filter>
    </ClCompile>
  </ItemGroup>
  <ItemGroup>
    <ClInclude Include="..\include\iio.h">
      <Filter>include</Filter>
    </ClInclude>
    <ClInclude Include="..\src\ExtIO_Pluto\ExtIO_Pluto.h">
      <Filter>include</Filter>
    </ClInclude>
    <ClInclude Include="..\src\ExtIO_Pluto\LC_ExtIO_Types.h">
      <Filter>include</Filter>
    </ClInclude>
    <ClInclude Include="..\src\ExtIO_Pluto\resource.h">
      <Filter>include</Filter>
    </ClInclude>
    <ClInclude Include="..\include\ad9361.h">
      <Filter>include</Filter>
    </ClInclude>
  </ItemGroup>
  <ItemGroup>
    <ResourceCompile Include="..\src\ExtIO_Pluto\resource.rc" />
  </ItemGroup>
</Project>