
Microsoft Visual Studio Solution File, Format Version 12.00
# Visual Studio Version 17
VisualStudioVersion = 17.0.31919.166
MinimumVisualStudioVersion = 10.0.40219.1
Project("{8BC9CEB8-8B4A-11D0-8D11-00A0C91BC942}") = "libiio", "vcxproj\libiio.vcxproj", "{A375005E-2FC8-4AEE-94E6-7714251E2FE8}"
EndProject
Project("{8BC9CEB8-8B4A-11D0-8D11-00A0C91BC942}") = "iio_info", "vcxproj\iio_info.vcxproj", "{D576CBF7-50DD-4AAA-8D6C-B6478ACA354D}"
	ProjectSection(ProjectDependencies) = postProject
		{A375005E-2FC8-4AEE-94E6-7714251E2FE8} = {A375005E-2FC8-4AEE-94E6-7714251E2FE8}
	EndProjectSection
EndProject
Project("{2150E333-8FDC-42A3-9474-1A3956D46DE8}") = "utils", "utils", "{15E0CF62-38DD-4B8D-BA76-F0909F821C89}"
EndProject
Project("{8BC9CEB8-8B4A-11D0-8D11-00A0C91BC942}") = "iio_attr", "vcxproj\iio_attr.vcxproj", "{9406324A-1B4B-45B0-8F4C-AFD00FA67B88}"
	ProjectSection(ProjectDependencies) = postProject
		{A375005E-2FC8-4AEE-94E6-7714251E2FE8} = {A375005E-2FC8-4AEE-94E6-7714251E2FE8}
	EndProjectSection
EndProject
Project("{8BC9CEB8-8B4A-11D0-8D11-00A0C91BC942}") = "iio_readdev", "vcxproj\iio_readdev.vcxproj", "{C73F9698-B6CC-431F-8E4A-A218C29CC8B4}"
	ProjectSection(ProjectDependencies) = postProject
		{A375005E-2FC8-4AEE-94E6-7714251E2FE8} = {A375005E-2FC8-4AEE-94E6-7714251E2FE8}
	EndProjectSection
EndProject
Project("{8BC9CEB8-8B4A-11D0-8D11-00A0C91BC942}") = "iio_writedev", "vcxproj\iio_writedev.vcxproj", "{1DD78241-D3C7-4377-B4ED-B8A3FC77B4D1}"
	ProjectSection(ProjectDependencies) = postProject
		{A375005E-2FC8-4AEE-94E6-7714251E2FE8} = {A375005E-2FC8-4AEE-94E6-7714251E2FE8}
	EndProjectSection
EndProject
Project("{8BC9CEB8-8B4A-11D0-8D11-00A0C91BC942}") = "iio_reg", "vcxproj\iio_reg.vcxproj", "{826438A6-A934-4359-9C5A-FBF8A653E282}"
	ProjectSection(ProjectDependencies) = postProject
		{A375005E-2FC8-4AEE-94E6-7714251E2FE8} = {A375005E-2FC8-4AEE-94E6-7714251E2FE8}
	EndProjectSection
EndProject
Project("{8BC9CEB8-8B4A-11D0-8D11-00A0C91BC942}") = "iio_genxml", "vcxproj\iio_genxml.vcxproj", "{23D66574-48C0-40EC-8F4D-4CB602F933F5}"
	ProjectSection(ProjectDependencies) = postProject
		{A375005E-2FC8-4AEE-94E6-7714251E2FE8} = {A375005E-2FC8-4AEE-94E6-7714251E2FE8}
	EndProjectSection
EndProject
Global
	GlobalSection(SolutionConfigurationPlatforms) = preSolution
		Debug|Win32 = Debug|Win32
		Debug|x64 = Debug|x64
		Release|Win32 = Release|Win32
		Release|x64 = Release|x64
	EndGlobalSection
	GlobalSection(ProjectConfigurationPlatforms) = postSolution
		{A375005E-2FC8-4AEE-94E6-7714251E2FE8}.Debug|Win32.ActiveCfg = Debug|Win32
		{A375005E-2FC8-4AEE-94E6-7714251E2FE8}.Debug|Win32.Build.0 = Debug|Win32
		{A375005E-2FC8-4AEE-94E6-7714251E2FE8}.Debug|x64.ActiveCfg = Debug|x64
		{A375005E-2FC8-4AEE-94E6-7714251E2FE8}.Debug|x64.Build.0 = Debug|x64
		{A375005E-2FC8-4AEE-94E6-7714251E2FE8}.Release|Win32.ActiveCfg = Release|Win32
		{A375005E-2FC8-4AEE-94E6-7714251E2FE8}.Release|Win32.Build.0 = Release|Win32
		{A375005E-2FC8-4AEE-94E6-7714251E2FE8}.Release|x64.ActiveCfg = Release|x64
		{A375005E-2FC8-4AEE-94E6-7714251E2FE8}.Release|x64.Build.0 = Release|x64
		{D576CBF7-50DD-4AAA-8D6C-B6478ACA354D}.Debug|Win32.ActiveCfg = Debug|Win32
		{D576CBF7-50DD-4AAA-8D6C-B6478ACA354D}.Debug|Win32.Build.0 = Debug|Win32
		{D576CBF7-50DD-4AAA-8D6C-B6478ACA354D}.Debug|x64.ActiveCfg = Debug|x64
		{D576CBF7-50DD-4AAA-8D6C-B6478ACA354D}.Debug|x64.Build.0 = Debug|x64
		{D576CBF7-50DD-4AAA-8D6C-B6478ACA354D}.Release|Win32.ActiveCfg = Release|Win32
		{D576CBF7-50DD-4AAA-8D6C-B6478ACA354D}.Release|Win32.Build.0 = Release|Win32
		{D576CBF7-50DD-4AAA-8D6C-B6478ACA354D}.Release|x64.ActiveCfg = Release|x64
		{D576CBF7-50DD-4AAA-8D6C-B6478ACA354D}.Release|x64.Build.0 = Release|x64
		{9406324A-1B4B-45B0-8F4C-AFD00FA67B88}.Debug|Win32.ActiveCfg = Debug|Win32
		{9406324A-1B4B-45B0-8F4C-AFD00FA67B88}.Debug|Win32.Build.0 = Debug|Win32
		{9406324A-1B4B-45B0-8F4C-AFD00FA67B88}.Debug|x64.ActiveCfg = Debug|x64
		{9406324A-1B4B-45B0-8F4C-AFD00FA67B88}.Debug|x64.Build.0 = Debug|x64
		{9406324A-1B4B-45B0-8F4C-AFD00FA67B88}.Release|Win32.ActiveCfg = Release|Win32
		{9406324A-1B4B-45B0-8F4C-AFD00FA67B88}.Release|Win32.Build.0 = Release|Win32
		{9406324A-1B4B-45B0-8F4C-AFD00FA67B88}.Release|x64.ActiveCfg = Release|x64
		{9406324A-1B4B-45B0-8F4C-AFD00FA67B88}.Release|x64.Build.0 = Release|x64
		{C73F9698-B6CC-431F-8E4A-A218C29CC8B4}.Debug|Win32.ActiveCfg = Debug|Win32
		{C73F9698-B6CC-431F-8E4A-A218C29CC8B4}.Debug|Win32.Build.0 = Debug|Win32
		{C73F9698-B6CC-431F-8E4A-A218C29CC8B4}.Debug|x64.ActiveCfg = Debug|x64
		{C73F9698-B6CC-431F-8E4A-A218C29CC8B4}.Debug|x64.Build.0 = Debug|x64
		{C73F9698-B6CC-431F-8E4A-A218C29CC8B4}.Release|Win32.ActiveCfg = Release|Win32
		{C73F9698-B6CC-431F-8E4A-A218C29CC8B4}.Release|Win32.Build.0 = Release|Win32
		{C73F9698-B6CC-431F-8E4A-A218C29CC8B4}.Release|x64.ActiveCfg = Release|x64
		{C73F9698-B6CC-431F-8E4A-A218C29CC8B4}.Release|x64.Build.0 = Release|x64
		{1DD78241-D3C7-4377-B4ED-B8A3FC77B4D1}.Debug|Win32.ActiveCfg = Debug|Win32
		{1DD78241-D3C7-4377-B4ED-B8A3FC77B4D1}.Debug|Win32.Build.0 = Debug|Win32
		{1DD78241-D3C7-4377-B4ED-B8A3FC77B4D1}.Debug|x64.ActiveCfg = Debug|x64
		{1DD78241-D3C7-4377-B4ED-B8A3FC77B4D1}.Debug|x64.Build.0 = Debug|x64
		{1DD78241-D3C7-4377-B4ED-B8A3FC77B4D1}.Release|Win32.ActiveCfg = Release|Win32
		{1DD78241-D3C7-4377-B4ED-B8A3FC77B4D1}.Release|Win32.Build.0 = Release|Win32
		{1DD78241-D3C7-4377-B4ED-B8A3FC77B4D1}.Release|x64.ActiveCfg = Release|x64
		{1DD78241-D3C7-4377-B4ED-B8A3FC77B4D1}.Release|x64.Build.0 = Release|x64
		{826438A6-A934-4359-9C5A-FBF8A653E282}.Debug|Win32.ActiveCfg = Debug|Win32
		{826438A6-A934-4359-9C5A-FBF8A653E282}.Debug|Win32.Build.0 = Debug|Win32
		{826438A6-A934-4359-9C5A-FBF8A653E282}.Debug|x64.ActiveCfg = Debug|x64
		{826438A6-A934-4359-9C5A-FBF8A653E282}.Debug|x64.Build.0 = Debug|x64
		{826438A6-A934-4359-9C5A-FBF8A653E282}.Release|Win32.ActiveCfg = Release|Win32
		{826438A6-A934-4359-9C5A-FBF8A653E282}.Release|Win32.Build.0 = Release|Win32
		{826438A6-A934-4359-9C5A-FBF8A653E282}.Release|x64.ActiveCfg = Release|x64
		{826438A6-A934-4359-9C5A-FBF8A653E282}.Release|x64.Build.0 = Release|x64
		{23D66574-48C0-40EC-8F4D-4CB602F933F5}.Debug|Win32.ActiveCfg = Debug|Win32
		{23D66574-48C0-40EC-8F4D-4CB602F933F5}.Debug|Win32.Build.0 = Debug|Win32
		{23D66574-48C0-40EC-8F4D-4CB602F933F5}.Debug|x64.ActiveCfg = Debug|x64
		{23D66574-48C0-40EC-8F4D-4CB602F933F5}.Debug|x64.Build.0 = Debug|x64
		{23D66574-48C0-40EC-8F4D-4CB602F933F5}.Release|Win32.ActiveCfg = Release|Win32
		{23D66574-48C0-40EC-8F4D-4CB602F933F5}.Release|Win32.Build.0 = Release|Win32
		{23D66574-48C0-40EC-8F4D-4CB602F933F5}.Release|x64.ActiveCfg = Release|x64
		{23D66574-48C0-40EC-8F4D-4CB602F933F5}.Release|x64.Build.0 = Release|x64
	EndGlobalSection
	GlobalSection(SolutionProperties) = preSolution
		HideSolutionNode = FALSE
	EndGlobalSection
	GlobalSection(NestedProjects) = preSolution
		{D576CBF7-50DD-4AAA-8D6C-B6478ACA354D} = {15E0CF62-38DD-4B8D-BA76-F0909F821C89}
		{9406324A-1B4B-45B0-8F4C-AFD00FA67B88} = {15E0CF62-38DD-4B8D-BA76-F0909F821C89}
		{C73F9698-B6CC-431F-8E4A-A218C29CC8B4} = {15E0CF62-38DD-4B8D-BA76-F0909F821C89}
		{1DD78241-D3C7-4377-B4ED-B8A3FC77B4D1} = {15E0CF62-38DD-4B8D-BA76-F0909F821C89}
		{826438A6-A934-4359-9C5A-FBF8A653E282} = {15E0CF62-38DD-4B8D-BA76-F0909F821C89}
		{23D66574-48C0-40EC-8F4D-4CB602F933F5} = {15E0CF62-38DD-4B8D-BA76-F0909F821C89}
	EndGlobalSection
	GlobalSection(ExtensibilityGlobals) = postSolution
		SolutionGuid = {D94B8011-E1EA-425B-AD3E-D554578FCEF1}
	EndGlobalSection
EndGlobal
